
Microsoft Visual Studio Solution File, Format Version 12.00
# Visual Studio 2013
VisualStudioVersion = 12.0.30110.0
MinimumVisualStudioVersion = 10.0.40219.1
Project("{FAE04EC0-301F-11D3-BF4B-00C04F79EFBC}") = "Meals.Web", "Meals.Web\Meals.Web.csproj", "{770B2411-B6A5-4197-95F1-71ED06AEA935}"
EndProject
Project("{FAE04EC0-301F-11D3-BF4B-00C04F79EFBC}") = "Meals.Tests", "Meals.Tests\Meals.Tests.csproj", "{A99BE98F-1F99-49DF-84B4-9C4C17CF5D62}"
EndProject
Global
	GlobalSection(SolutionConfigurationPlatforms) = preSolution
		Debug|Any CPU = Debug|Any CPU
		Release|Any CPU = Release|Any CPU
	EndGlobalSection
	GlobalSection(ProjectConfigurationPlatforms) = postSolution
		{770B2411-B6A5-4197-95F1-71ED06AEA935}.Debug|Any CPU.ActiveCfg = Debug|Any CPU
		{770B2411-B6A5-4197-95F1-71ED06AEA935}.Debug|Any CPU.Build.0 = Debug|Any CPU
		{770B2411-B6A5-4197-95F1-71ED06AEA935}.Release|Any CPU.ActiveCfg = Release|Any CPU
		{770B2411-B6A5-4197-95F1-71ED06AEA935}.Release|Any CPU.Build.0 = Release|Any CPU
		{A99BE98F-1F99-49DF-84B4-9C4C17CF5D62}.Debug|Any CPU.ActiveCfg = Debug|Any CPU
		{A99BE98F-1F99-49DF-84B4-9C4C17CF5D62}.Debug|Any CPU.Build.0 = Debug|Any CPU
		{A99BE98F-1F99-49DF-84B4-9C4C17CF5D62}.Release|Any CPU.ActiveCfg = Release|Any CPU
		{A99BE98F-1F99-49DF-84B4-9C4C17CF5D62}.Release|Any CPU.Build.0 = Release|Any CPU
	EndGlobalSection
	GlobalSection(SolutionProperties) = preSolution
		HideSolutionNode = FALSE
	EndGlobalSection
EndGlobal
